{
    "_readme": [
        "This file locks the dependencies of your project to a known state",
        "Read more about it at https://getcomposer.org/doc/01-basic-usage.md#composer-lock-the-lock-file",
        "This file is @generated automatically"
    ],
    "hash": "fc8aa91d27f8c48ecf40caf897056be8",
    "content-hash": "40dfcfa3a7218f153438a3f507dd83db",
    "packages": [],
    "packages-dev": [],
    "aliases": [],
    "minimum-stability": "dev",
    "stability-flags": [],
    "prefer-stable": false,
    "prefer-lowest": false,
    "platform": {
        "php": ">=5.3",
        "ext-gd": "*",
        "ext-bz2": "*",
        "ext-pdo": "*",
        "ext-mbstring": "*"
    },
    "platform-dev": []
}
